
Microsoft Visual Studio Solution File, Format Version 12.00
# Visual Studio Version 16
VisualStudioVersion = 16.0.29424.173
MinimumVisualStudioVersion = 10.0.40219.1
Project("{888888A0-9F3D-457C-B088-3A5042F75D52}") = "Q3.1.2_soln", "Q3.1.2_soln\Q3.1.2_soln.pyproj", "{96901243-6CF0-4BB3-AC00-5E8755338960}"
EndProject
Global
	GlobalSection(SolutionConfigurationPlatforms) = preSolution
		Debug|Any CPU = Debug|Any CPU
		Release|Any CPU = Release|Any CPU
	EndGlobalSection
	GlobalSection(ProjectConfigurationPlatforms) = postSolution
		{96901243-6CF0-4BB3-AC00-5E8755338960}.Debug|Any CPU.ActiveCfg = Debug|Any CPU
		{96901243-6CF0-4BB3-AC00-5E8755338960}.Release|Any CPU.ActiveCfg = Release|Any CPU
	EndGlobalSection
	GlobalSection(SolutionProperties) = preSolution
		HideSolutionNode = FALSE
	EndGlobalSection
	GlobalSection(ExtensibilityGlobals) = postSolution
		SolutionGuid = {637CE08A-3D50-4217-8358-9D64DEAF7912}
	EndGlobalSection
EndGlobal
