
Microsoft Visual Studio Solution File, Format Version 12.00
# Visual Studio Version 16
VisualStudioVersion = 16.0.29424.173
MinimumVisualStudioVersion = 10.0.40219.1
Project("{888888A0-9F3D-457C-B088-3A5042F75D52}") = "Q3.2.1_soln", "Q3.2.1_soln\Q3.2.1_soln.pyproj", "{A9F02D31-2582-4AA0-8598-9345B05E9623}"
EndProject
Global
	GlobalSection(SolutionConfigurationPlatforms) = preSolution
		Debug|Any CPU = Debug|Any CPU
		Release|Any CPU = Release|Any CPU
	EndGlobalSection
	GlobalSection(ProjectConfigurationPlatforms) = postSolution
		{A9F02D31-2582-4AA0-8598-9345B05E9623}.Debug|Any CPU.ActiveCfg = Debug|Any CPU
		{A9F02D31-2582-4AA0-8598-9345B05E9623}.Release|Any CPU.ActiveCfg = Release|Any CPU
	EndGlobalSection
	GlobalSection(SolutionProperties) = preSolution
		HideSolutionNode = FALSE
	EndGlobalSection
	GlobalSection(ExtensibilityGlobals) = postSolution
		SolutionGuid = {9B8BC364-6EFF-4604-9DB9-F2B3E3AAF869}
	EndGlobalSection
EndGlobal
